{
  "projects": [
    {
      "projectId": "58GpZjZCWTaJ8AUhpCwt2K",
      "version": "3.26.0",
      "dependencies": {},
      "lang": "ts",
      "fileLocks": [
        {
          "assetId": "58GpZjZCWTaJ8AUhpCwt2K",
          "type": "projectCss",
          "checksum": "fd84921cc10936e6ceb458c2ae01c4bd"
        }
      ],
      "codegenVersion": "0.0.1"
    },
    {
      "projectId": "hjKYmYi6HMwK6TRyk7ew5R",
      "version": "6.40.0",
      "dependencies": {},
      "lang": "ts",
      "fileLocks": [
        {
          "assetId": "hjKYmYi6HMwK6TRyk7ew5R",
          "type": "projectCss",
          "checksum": "e76cee85e96cb3fff580d5552a47cfe4"
        },
        {
          "assetId": "hjKYmYi6HMwK6TRyk7ew5R",
          "checksum": "ce1c1c4c2068f2505d175a1b6e17d26a",
          "type": "globalContexts"
        }
      ],
      "codegenVersion": "0.0.1"
    },
    {
      "projectId": "r3ASNrnyvLLLAtDvzUioQ",
      "version": "4.6.0",
      "dependencies": {},
      "lang": "ts",
      "fileLocks": [
        {
          "assetId": "r3ASNrnyvLLLAtDvzUioQ",
          "type": "projectCss",
          "checksum": "e1ec850476829c38b0f9b6d4f7ac446a"
        }
      ],
      "codegenVersion": "0.0.1"
    },
    {
      "projectId": "bVumzfkpaXXcvNmP8r5aNd",
      "version": "latest",
      "dependencies": {
        "r3ASNrnyvLLLAtDvzUioQ": "4.6.0",
        "hjKYmYi6HMwK6TRyk7ew5R": "6.40.0",
        "58GpZjZCWTaJ8AUhpCwt2K": "3.26.0"
      },
      "lang": "ts",
      "fileLocks": [
        {
          "type": "globalVariant",
          "assetId": "LfST8DaFhU_V",
          "checksum": "3cecaf449529c285abf8226fcb53f1a1"
        },
        {
          "assetId": "bVumzfkpaXXcvNmP8r5aNd",
          "type": "projectCss",
          "checksum": "a71f8449c1910580996019f6cdc32097"
        },
        {
          "assetId": "bVumzfkpaXXcvNmP8r5aNd",
          "checksum": "367f07c7d835098c2a642958fc1ad151",
          "type": "globalContexts"
        },
        {
          "type": "renderModule",
          "assetId": "BfO3nDBp8Oix",
          "checksum": "52be1a510bcb26d7fa615308600f3420"
        },
        {
          "type": "cssRules",
          "assetId": "BfO3nDBp8Oix",
          "checksum": "52be1a510bcb26d7fa615308600f3420"
        },
        {
          "type": "renderModule",
          "assetId": "bOVMjRHTrPdH",
          "checksum": "3199230c99f559e2ffe6cba32db43dcc"
        },
        {
          "type": "cssRules",
          "assetId": "bOVMjRHTrPdH",
          "checksum": "3199230c99f559e2ffe6cba32db43dcc"
        },
        {
          "type": "renderModule",
          "assetId": "dz-IFOlVs6PO",
          "checksum": "064c697a5976d3a0c464b5f9c5c47c80"
        },
        {
          "type": "cssRules",
          "assetId": "dz-IFOlVs6PO",
          "checksum": "064c697a5976d3a0c464b5f9c5c47c80"
        },
        {
          "type": "renderModule",
          "assetId": "VvotYizFBmnv",
          "checksum": "386161f51ea8797a204749c7d00a931b"
        },
        {
          "type": "cssRules",
          "assetId": "VvotYizFBmnv",
          "checksum": "386161f51ea8797a204749c7d00a931b"
        },
        {
          "type": "renderModule",
          "assetId": "kyWT_9h4mbNJ",
          "checksum": "971dc08298d30a44a15bc7ae3f0df428"
        },
        {
          "type": "cssRules",
          "assetId": "kyWT_9h4mbNJ",
          "checksum": "971dc08298d30a44a15bc7ae3f0df428"
        },
        {
          "type": "renderModule",
          "assetId": "qjjd9G4j-a7z",
          "checksum": "72672e418c6aaf3524c05c7444ca98c4"
        },
        {
          "type": "cssRules",
          "assetId": "qjjd9G4j-a7z",
          "checksum": "72672e418c6aaf3524c05c7444ca98c4"
        },
        {
          "type": "renderModule",
          "assetId": "683sdCfd7Lk_",
          "checksum": "19579b2e75ee1eb094717661274b5471"
        },
        {
          "type": "cssRules",
          "assetId": "683sdCfd7Lk_",
          "checksum": "19579b2e75ee1eb094717661274b5471"
        },
        {
          "type": "renderModule",
          "assetId": "TQZOP_3GQiHg",
          "checksum": "19263d42545cf0874ad1378df4231316"
        },
        {
          "type": "cssRules",
          "assetId": "TQZOP_3GQiHg",
          "checksum": "19263d42545cf0874ad1378df4231316"
        },
        {
          "type": "renderModule",
          "assetId": "M_56sC0DnRJO",
          "checksum": "3a71b5019f069daf5bc6e877128e95a5"
        },
        {
          "type": "cssRules",
          "assetId": "M_56sC0DnRJO",
          "checksum": "3a71b5019f069daf5bc6e877128e95a5"
        },
        {
          "type": "renderModule",
          "assetId": "mrfDLG5qjXtW",
          "checksum": "a4e81ee16655b044dc308325b012e6c6"
        },
        {
          "type": "cssRules",
          "assetId": "mrfDLG5qjXtW",
          "checksum": "a4e81ee16655b044dc308325b012e6c6"
        },
        {
          "type": "renderModule",
          "assetId": "WW5gG1G_k2_8",
          "checksum": "c36ca2993eb3ee911f1b2a09cd470832"
        },
        {
          "type": "cssRules",
          "assetId": "WW5gG1G_k2_8",
          "checksum": "c36ca2993eb3ee911f1b2a09cd470832"
        },
        {
          "type": "renderModule",
          "assetId": "s_yP0CQ6Gbqb",
          "checksum": "26d7b3e839e35c2b9e5c6ccec8eee6e8"
        },
        {
          "type": "cssRules",
          "assetId": "s_yP0CQ6Gbqb",
          "checksum": "26d7b3e839e35c2b9e5c6ccec8eee6e8"
        },
        {
          "type": "renderModule",
          "assetId": "M-lOIdIf7bAe",
          "checksum": "87d3665e2129bfbd35aaca77c4063e76"
        },
        {
          "type": "cssRules",
          "assetId": "M-lOIdIf7bAe",
          "checksum": "87d3665e2129bfbd35aaca77c4063e76"
        },
        {
          "type": "renderModule",
          "assetId": "XnV5QBIK7FFr",
          "checksum": "c421c030412aaa3bc6e2c446441a9ba2"
        },
        {
          "type": "cssRules",
          "assetId": "XnV5QBIK7FFr",
          "checksum": "c421c030412aaa3bc6e2c446441a9ba2"
        },
        {
          "type": "renderModule",
          "assetId": "NnxBKDAEKL2O",
          "checksum": "bd3a2f9c3e8ba40c996ddb0f1000c7ec"
        },
        {
          "type": "cssRules",
          "assetId": "NnxBKDAEKL2O",
          "checksum": "bd3a2f9c3e8ba40c996ddb0f1000c7ec"
        },
        {
          "type": "renderModule",
          "assetId": "NB8kRS4-EAc3",
          "checksum": "dac3de301b29a06ccd2c6244b5ae3716"
        },
        {
          "type": "cssRules",
          "assetId": "NB8kRS4-EAc3",
          "checksum": "dac3de301b29a06ccd2c6244b5ae3716"
        },
        {
          "type": "renderModule",
          "assetId": "ZtX7ZBalZ-ss",
          "checksum": "7f4071c0dec95505fbcbedf7c0e9096e"
        },
        {
          "type": "cssRules",
          "assetId": "ZtX7ZBalZ-ss",
          "checksum": "7f4071c0dec95505fbcbedf7c0e9096e"
        },
        {
          "type": "renderModule",
          "assetId": "GXUwSSJc-WMF",
          "checksum": "422087906c105f8093df93d977c0ab58"
        },
        {
          "type": "cssRules",
          "assetId": "GXUwSSJc-WMF",
          "checksum": "422087906c105f8093df93d977c0ab58"
        },
        {
          "type": "renderModule",
          "assetId": "8QFBCeDeJFH_",
          "checksum": "3fd6b8fca2a44fdedcb9808d57ec2d5c"
        },
        {
          "type": "cssRules",
          "assetId": "8QFBCeDeJFH_",
          "checksum": "3fd6b8fca2a44fdedcb9808d57ec2d5c"
        },
        {
          "type": "renderModule",
          "assetId": "DjhgvGvX0bRM",
          "checksum": "7a4b1133952467cb6b27717a958be6ee"
        },
        {
          "type": "cssRules",
          "assetId": "DjhgvGvX0bRM",
          "checksum": "7a4b1133952467cb6b27717a958be6ee"
        },
        {
          "type": "renderModule",
          "assetId": "kIJNL8u7s-S8",
          "checksum": "5bae40aeda49257dac576209c089e540"
        },
        {
          "type": "cssRules",
          "assetId": "kIJNL8u7s-S8",
          "checksum": "5bae40aeda49257dac576209c089e540"
        },
        {
          "type": "renderModule",
          "assetId": "gv0Q_KziB627",
          "checksum": "921553c41ed234eed2d206aaaaf7181c"
        },
        {
          "type": "cssRules",
          "assetId": "gv0Q_KziB627",
          "checksum": "921553c41ed234eed2d206aaaaf7181c"
        },
        {
          "type": "renderModule",
          "assetId": "C8nCeG_RAdS-",
          "checksum": "620a2e1c2828a8f66a8d0f31ee1ec67e"
        },
        {
          "type": "cssRules",
          "assetId": "C8nCeG_RAdS-",
          "checksum": "620a2e1c2828a8f66a8d0f31ee1ec67e"
        },
        {
          "type": "icon",
          "assetId": "YO-FZBPb9a96",
          "checksum": "67241aa60ff14db9938d4a3f9d3ff3f3"
        },
        {
          "type": "icon",
          "assetId": "unzRWPJGB826",
          "checksum": "3b10380e81170173e9c04ed7d8cefb6c"
        },
        {
          "type": "icon",
          "assetId": "z_gfdGi7TIQr",
          "checksum": "6ebcdc68006ffe536e490f5bb8053fe3"
        },
        {
          "type": "icon",
          "assetId": "FOd2bucG8VGj",
          "checksum": "9b32d686e58bef18892165d256dc603a"
        },
        {
          "type": "icon",
          "assetId": "50K3RK-BrDKK",
          "checksum": "fe59970718fd2466097956448622dc92"
        },
        {
          "type": "icon",
          "assetId": "M2NkimAvVgC0",
          "checksum": "7b09372f49a5b763270d82ce143130ca"
        },
        {
          "type": "icon",
          "assetId": "RWqu0RNgE7Ts",
          "checksum": "f7f69697c34c89c6cedaac6e86d0b28e"
        },
        {
          "type": "icon",
          "assetId": "-KUutsXtXjlF",
          "checksum": "a56b891c4ea05bbadcd96a57647f8520"
        },
        {
          "type": "icon",
          "assetId": "EB15DzBtrjV5",
          "checksum": "7edfa08d311ba062a21f9c58335ddfd6"
        },
        {
          "type": "icon",
          "assetId": "FDgbNmdQcGD2",
          "checksum": "a00ab389ed8a21d5a4d181de0b8831fd"
        },
        {
          "type": "icon",
          "assetId": "ubdmTfcvcYgO",
          "checksum": "f8a0aa6969b6eee359fba0197c55f923"
        },
        {
          "type": "icon",
          "assetId": "txBGWn8vldlK",
          "checksum": "83886d986388ecdc2122baca80f1e10b"
        },
        {
          "type": "icon",
          "assetId": "yY_Xh4fGKtqL",
          "checksum": "4350c61ed58d1fc22c750450f90e9a51"
        },
        {
          "type": "icon",
          "assetId": "n9zUMqSDbSlh",
          "checksum": "017160d6915ce3d131b8176e9906ce40"
        },
        {
          "type": "icon",
          "assetId": "oIoWRcUyEgWn",
          "checksum": "17aa3358200f8f67769599a30f712077"
        },
        {
          "type": "icon",
          "assetId": "zToZXXJTB9dc",
          "checksum": "21fcf17fe551e166a5b78d4400754d88"
        },
        {
          "type": "icon",
          "assetId": "90X0AxWg__s9",
          "checksum": "128a429366d5f2eeb4a2c33e6d9b7412"
        },
        {
          "type": "icon",
          "assetId": "hCmqTbEa_XEh",
          "checksum": "0fbb0e8a7151eaf691dd9dfcdfcb7a07"
        },
        {
          "type": "icon",
          "assetId": "5cySklPsBu5b",
          "checksum": "81ad79e592c28ab087662059f7681c1e"
        },
        {
          "type": "icon",
          "assetId": "c4V_2BCP5vb8",
          "checksum": "331b35b5f4a30e9b76f4e68259c44132"
        },
        {
          "type": "icon",
          "assetId": "6b5_xU8yWQFY",
          "checksum": "da337514d56416f675126c73a668a0bb"
        },
        {
          "type": "icon",
          "assetId": "ZYZreGho0u9b",
          "checksum": "f3c33b0fb994582a3218fa92a1a0ef13"
        },
        {
          "type": "icon",
          "assetId": "6QYFPKXZ9GqK",
          "checksum": "40c81f7adc97c5529c7da8a96d5b0f03"
        },
        {
          "type": "icon",
          "assetId": "USBnaJoUy1KG",
          "checksum": "63d8fe77605b2613d84b111c5e3ff8d8"
        },
        {
          "type": "icon",
          "assetId": "6kUOcHOYzusH",
          "checksum": "d05aaa59ca842f938811a2de53a31d03"
        },
        {
          "type": "icon",
          "assetId": "99I2RlQV67k2",
          "checksum": "9cccb65fbff3c1db260681491f0bce96"
        },
        {
          "type": "icon",
          "assetId": "LK1XmH1YC1N6",
          "checksum": "b83bf5a9e422854b15cc7cb22a5917d7"
        },
        {
          "type": "icon",
          "assetId": "dFXdcIaHC61R",
          "checksum": "a0ec6d73beeadf8215ed620b5c121917"
        },
        {
          "type": "icon",
          "assetId": "MF4N_3wKmh_O",
          "checksum": "c745c82156d209e58e0dcfa7824f6f75"
        },
        {
          "type": "icon",
          "assetId": "d-ag9IpbSnw-",
          "checksum": "504e5e13e836d7e045342063aceab0e5"
        },
        {
          "type": "icon",
          "assetId": "7KzZjpFqGdS5",
          "checksum": "858a71f69b2eb98198652b5df01eb613"
        },
        {
          "type": "icon",
          "assetId": "VaHzNZUH3H4M",
          "checksum": "d7131690484530424048c08bdce9ea9d"
        },
        {
          "type": "icon",
          "assetId": "LV7HMvfyS4Un",
          "checksum": "3899ecc2808c9f3f09e425618875f8b4"
        },
        {
          "type": "icon",
          "assetId": "dE6pqSHD6AWY",
          "checksum": "f686e5d31e5991d3226486d72e5bb01f"
        },
        {
          "type": "icon",
          "assetId": "oBXrHBt942Or",
          "checksum": "fcd37080442001e41244aec7e1d215ee"
        },
        {
          "type": "icon",
          "assetId": "QnHOpjV_SKMJ",
          "checksum": "c2eb913f49f6fcd0f8cc51eafd54a58b"
        },
        {
          "type": "icon",
          "assetId": "OL9uoJ4OqaKE",
          "checksum": "b57b48c5682da3e749386723fb165a34"
        },
        {
          "type": "icon",
          "assetId": "b_URD0RDolM4",
          "checksum": "60cad4e47b85b0a47e1849e91fa0a4db"
        },
        {
          "type": "icon",
          "assetId": "1TncPJBB8TCk",
          "checksum": "3f631106cff084ef322dccc9e14e7317"
        },
        {
          "type": "icon",
          "assetId": "dScs6CDelQTJ",
          "checksum": "e86b29845e2ac99e7629a929341172a3"
        },
        {
          "type": "icon",
          "assetId": "CD78SRU0B9P7",
          "checksum": "67f276c0df839fa48e9b6c083227d47b"
        },
        {
          "type": "icon",
          "assetId": "0-AgzpxQF9ix",
          "checksum": "921c782a110c5b9f509fab49ad3d406e"
        },
        {
          "type": "icon",
          "assetId": "4dzxyHkIUjrn",
          "checksum": "3514d96a39eafde3811325dab68e8c67"
        },
        {
          "type": "icon",
          "assetId": "9QkXy6ncjB5o",
          "checksum": "b5c1095431ad71b6ec7ff37ca1ed91ff"
        },
        {
          "type": "icon",
          "assetId": "feyJyS1uEQrJ",
          "checksum": "085a7fdf825c2c350bed4a15dbdc3cb0"
        },
        {
          "type": "icon",
          "assetId": "j_ceVuGf9L77",
          "checksum": "7762a7f9823394ba2cab5885bdfc8188"
        },
        {
          "type": "icon",
          "assetId": "po1Da24WvXgn",
          "checksum": "d7013742625d1a841c4cb52df6c021cd"
        },
        {
          "type": "icon",
          "assetId": "30zyGFeQWZh_",
          "checksum": "c0db7126a032338618fba7fcef40edef"
        },
        {
          "type": "icon",
          "assetId": "lfzhQMhY_L3d",
          "checksum": "11c45e70cbd46b84361c2105e2fc0d85"
        },
        {
          "type": "icon",
          "assetId": "JVVd5LzXaNie",
          "checksum": "c449979944f55c95ac2f22d7e59f9199"
        },
        {
          "type": "icon",
          "assetId": "TG8NH336Lsj7",
          "checksum": "b0f21c8bb7c0dfdc3a3d85c8387bf0e7"
        },
        {
          "type": "icon",
          "assetId": "_8JbPW7aiK1X",
          "checksum": "e6c201399553a4f7387acd550e8a22ca"
        },
        {
          "type": "icon",
          "assetId": "nBUziPG46gYl",
          "checksum": "8651a375a45fda1b7945a1b94fb2d88c"
        },
        {
          "type": "icon",
          "assetId": "A148KabLuPgZ",
          "checksum": "4ac0be839ef7008702a710adc4260ad0"
        },
        {
          "type": "icon",
          "assetId": "ViNFcDUPTBdf",
          "checksum": "2aad1a7e71cea888e88c8cd0e11d36cc"
        },
        {
          "type": "icon",
          "assetId": "GBaIK6FJo1uv",
          "checksum": "33c9ace2a5d710e183de360e768fba64"
        },
        {
          "type": "icon",
          "assetId": "y3c0QzAMnltS",
          "checksum": "9efa34f1b4f0bea5a19ecb707e52a3d4"
        },
        {
          "type": "icon",
          "assetId": "UNC_TZ7FdyKN",
          "checksum": "deb480173cd975180cdf06cd69cfd029"
        },
        {
          "type": "icon",
          "assetId": "hWY4A_MTPGsG",
          "checksum": "9be3d520919ef13aa98a721a55b535d8"
        },
        {
          "type": "icon",
          "assetId": "bvGS2kEj_MJr",
          "checksum": "ad9829c318508bba2ddc8866222f447d"
        },
        {
          "type": "icon",
          "assetId": "kXoKaz70RBGE",
          "checksum": "c7eae9531e807254f26bea15cdd73c03"
        },
        {
          "type": "icon",
          "assetId": "qh2IuhUtAaLU",
          "checksum": "38ce8666a9e746a5d45d328da97c2c86"
        },
        {
          "type": "icon",
          "assetId": "qBXsqZxBf273",
          "checksum": "5c94ed285028dae627423e6a269fca0a"
        },
        {
          "type": "icon",
          "assetId": "eCKC8t8YL-EL",
          "checksum": "0e3993f2041f075a6c2a7d686df923e5"
        },
        {
          "type": "icon",
          "assetId": "VUS57T8vMHVg",
          "checksum": "ccdbb823732b1220de84b20e580af7cc"
        },
        {
          "type": "icon",
          "assetId": "ypcdUL6l5yom",
          "checksum": "67875cd6777cc1b47d1a68b0579f276c"
        },
        {
          "type": "icon",
          "assetId": "0RZKNW_B9hOX",
          "checksum": "3c1dc9328938a9d6a435388eadbf1d3e"
        },
        {
          "type": "icon",
          "assetId": "7sVE2sTKpTbi",
          "checksum": "2ec8010e4997147b672afb83367f1a50"
        },
        {
          "type": "icon",
          "assetId": "yPnb2-47kSa1",
          "checksum": "310e11e21a8e88d82a5165ce61883950"
        },
        {
          "type": "icon",
          "assetId": "iW6gDtSCOsOa",
          "checksum": "ea24167e7d60c40ac7debfaa6de132d4"
        },
        {
          "type": "icon",
          "assetId": "kI0letG9xEg1",
          "checksum": "e4321842759b573f684ce01ea4301ede"
        },
        {
          "type": "icon",
          "assetId": "HjzhfjuGX-1j",
          "checksum": "9959cae535eb29ee2ac3bc16aa35db23"
        },
        {
          "type": "icon",
          "assetId": "OR2emMtfEHvS",
          "checksum": "6666ad8617ab422152026b3bca992922"
        },
        {
          "type": "icon",
          "assetId": "dF5gA1IINKoe",
          "checksum": "d1f57d50caa120a52794735d6b2d695c"
        },
        {
          "type": "icon",
          "assetId": "eJzxYIWUJGCN",
          "checksum": "7ca7c80ee0d9ff4f83d583dadd31df8c"
        },
        {
          "type": "icon",
          "assetId": "0jR7aPTrU-WU",
          "checksum": "123e200009cdecc8224ce4cd5c187986"
        },
        {
          "type": "icon",
          "assetId": "0OBtqVU7rnGp",
          "checksum": "2a8a131afeb6982a1bece16c962e0701"
        },
        {
          "type": "icon",
          "assetId": "negmLw9Lahn0",
          "checksum": "5c88ee12c4128e1f1d14b9ccc8b2a5af"
        },
        {
          "type": "icon",
          "assetId": "n7dWUzZcXnah",
          "checksum": "b78e0a32cf161920ae836efddcd7365d"
        },
        {
          "type": "icon",
          "assetId": "zwNBCeTF11Yl",
          "checksum": "5f3643c2ac82403bd4e0c51c689bf2aa"
        },
        {
          "type": "icon",
          "assetId": "zdv3NGeyNFLF",
          "checksum": "675ac37eede0bc889685f7ec752c1f5a"
        },
        {
          "type": "icon",
          "assetId": "yDlgbJ3RlFD9",
          "checksum": "6360f0fb6dd424d2330ded19b78d24cc"
        },
        {
          "type": "icon",
          "assetId": "LK_4Rog76YJR",
          "checksum": "bfab29c4bde57675d4cc31427f984c09"
        },
        {
          "type": "icon",
          "assetId": "0NnTZcIzEmqS",
          "checksum": "33a8d06768790042d73d2827b1c7bb03"
        },
        {
          "type": "icon",
          "assetId": "pvytRA2nWTFy",
          "checksum": "7c4b05ab2a4861e99908f0181e495876"
        },
        {
          "type": "icon",
          "assetId": "-QphWdu4LOoB",
          "checksum": "2068b80f2088cd6e63b47a9f388f1e4f"
        },
        {
          "type": "icon",
          "assetId": "SXeyP55Srhpg",
          "checksum": "0d3234e2ef0e1036b86c92d64a882a81"
        },
        {
          "type": "icon",
          "assetId": "mbAvXjogMfuE",
          "checksum": "031347f7ddbfbbbea8dff1e70c7ca5be"
        },
        {
          "type": "icon",
          "assetId": "bCB2QDFUTpjq",
          "checksum": "ae143cfb0a38ea6603543e8370618c37"
        },
        {
          "type": "icon",
          "assetId": "YvfMhLDmUC_j",
          "checksum": "3a990ddc055b795f02e59ebcb12f4843"
        },
        {
          "type": "icon",
          "assetId": "wIk9TB_CYxzT",
          "checksum": "34d525b5731cf04ad661ceb28b85f7cf"
        },
        {
          "type": "icon",
          "assetId": "cHuLe7oK0FCN",
          "checksum": "03b2e6bf5f034941713cb71a779b5278"
        },
        {
          "type": "icon",
          "assetId": "9qnswPHCS8Yn",
          "checksum": "339eb40d3e8bd9cacd941590ab9f075e"
        },
        {
          "type": "icon",
          "assetId": "STi0_H4_JaFj",
          "checksum": "a50c5d59ed8c7c9bc396f096c19d0d9f"
        },
        {
          "type": "icon",
          "assetId": "EUBBmv06f6kG",
          "checksum": "1a62e04dd02886987e39af03166e17ec"
        },
        {
          "type": "icon",
          "assetId": "wlA3qDnex-jr",
          "checksum": "5f3265583ad570e4e13815f9e057fca9"
        },
        {
          "type": "icon",
          "assetId": "qLxbwT6f_D5u",
          "checksum": "0f995b378c03138c25cb0d51bff6716b"
        },
        {
          "type": "icon",
          "assetId": "ta-PA2-2tho8",
          "checksum": "bdb1280f3cdb186776d84af873c3c501"
        },
        {
          "type": "icon",
          "assetId": "uOlqWmdySWqH",
          "checksum": "e3ef32a25b7896994efa764ef378282d"
        },
        {
          "type": "icon",
          "assetId": "uhb9tZ47tTxF",
          "checksum": "4535d7ee820ffb88281a80798a027b31"
        },
        {
          "type": "icon",
          "assetId": "9rbNvo5iq4ng",
          "checksum": "8409632997af1214265460985a068495"
        },
        {
          "type": "icon",
          "assetId": "_eh5SCK6bltj",
          "checksum": "17734da27766e0142a393370e570cff5"
        },
        {
          "type": "icon",
          "assetId": "WZ23QFlGCtfi",
          "checksum": "3607d778ccf2598dc07d8ed7416b7da9"
        },
        {
          "type": "icon",
          "assetId": "d09v7uLeDMdd",
          "checksum": "e15562b09747e14e91f6dc5547d39fc4"
        },
        {
          "type": "icon",
          "assetId": "awy9ATn3wi_d",
          "checksum": "23e4484813ccc4aebced86f60ab901ac"
        },
        {
          "type": "icon",
          "assetId": "NpYIUrEHUBa7",
          "checksum": "83dbfe76b06af57fd85c2dc31e9e28b0"
        },
        {
          "type": "icon",
          "assetId": "tEls3GRbR9PV",
          "checksum": "ba3f2b9fa9314eef1b6351ae813400c3"
        },
        {
          "type": "icon",
          "assetId": "tBMAHHsP4quX",
          "checksum": "5df57ecaa5ec1ed398672ad924e4d04c"
        },
        {
          "type": "icon",
          "assetId": "YQScP_wAScQF",
          "checksum": "9f96c5c42c2efb1812766a52b2204bbd"
        },
        {
          "type": "icon",
          "assetId": "uPUMKKVvDoUo",
          "checksum": "84e89a1cef3dc75376d2ed27a2c31da0"
        },
        {
          "type": "icon",
          "assetId": "WKllfZf1xhG0",
          "checksum": "54fbbcdfb7d5fc23e507f63665e0615b"
        },
        {
          "type": "icon",
          "assetId": "EFotQCZkiy00",
          "checksum": "a22c4613f9883e3157a43ad6bd79943a"
        },
        {
          "type": "icon",
          "assetId": "IVvWcsL9WC-I",
          "checksum": "7beb9c0e35ebf3a82155415d781ce75e"
        },
        {
          "type": "icon",
          "assetId": "p3C_jR3V7x0F",
          "checksum": "436f4fbe86186ada9b468de603782c3d"
        },
        {
          "type": "icon",
          "assetId": "iMP_eYOq2_jl",
          "checksum": "61258694c7aa0c96cabb3ce1c57c34a1"
        },
        {
          "type": "icon",
          "assetId": "K3N4dkayluwp",
          "checksum": "53a7921ffdce8b43c6084e6842093495"
        },
        {
          "type": "icon",
          "assetId": "Ut7kKC-LXcxL",
          "checksum": "74ae4eb6e7cb08f94fc2e0e2e3179e73"
        },
        {
          "type": "icon",
          "assetId": "WyDwLf9NRq7C",
          "checksum": "9fc773ff84a4805941b7608fe7f8348d"
        },
        {
          "type": "icon",
          "assetId": "4IJCrAtMVMu5",
          "checksum": "a50959adf02fec641545e5d30ba57870"
        },
        {
          "type": "icon",
          "assetId": "zf9IrrU7pd4v",
          "checksum": "73ed04d4e57d7507320e800dc9e42353"
        },
        {
          "type": "icon",
          "assetId": "5aTSGxf42rK6",
          "checksum": "fd95e11f07485e2c974052fc8eff4e4b"
        },
        {
          "type": "icon",
          "assetId": "UmgPQiVVvGM7",
          "checksum": "770a74f102ded406b35b8c3cbbc03de7"
        },
        {
          "type": "image",
          "assetId": "_ykjKmjIZZHx",
          "checksum": "3413c21a8a932485b83d2fde7b88a84e"
        },
        {
          "type": "image",
          "assetId": "ojLTkp3DxWdO",
          "checksum": "3324c7b73b5ed5228e6bb7f12dbfd510"
        },
        {
          "type": "image",
          "assetId": "Zn04-Nh3MSBC",
          "checksum": "60ce4036281de1dc6bd3bf22fa3e1bd8"
        },
        {
          "type": "image",
          "assetId": "BnI9Drg-7Ywq",
          "checksum": "36657dea3b02c0e60bd04959321c95fe"
        },
        {
          "type": "image",
          "assetId": "JIBf90C2N6Bv",
          "checksum": "9ba167dd12a3cfce817f729b1abe67f5"
        },
        {
          "type": "image",
          "assetId": "4NZiRaaCkoSI",
          "checksum": "0a3a741a4812de17e27affd19c718ceb"
        },
        {
          "type": "image",
          "assetId": "OMCZb-Cp0L9k",
          "checksum": "168e6fd14c5620d75374682f5d2b1d78"
        },
        {
          "type": "image",
          "assetId": "7GUE3u9Ao_ZB",
          "checksum": "cd791342ac98a47ddf5382cbfc5f1b60"
        },
        {
          "type": "image",
          "assetId": "zx8ITfp5znX_",
          "checksum": "9cc2f066a26106676f21b6674e75ab82"
        },
        {
          "type": "image",
          "assetId": "3R3hbmi7M7Wo",
          "checksum": "c6e33807e9cf977448dba0e5f454dd80"
        },
        {
          "type": "image",
          "assetId": "J3RRlCe07L6K",
          "checksum": "20cddbbe4ebc94c0f23ae526d2a04ac2"
        },
        {
          "type": "image",
          "assetId": "BP4-SkKqvg_o",
          "checksum": "f220bc080fdda00ce40ad2078abf6693"
        },
        {
          "type": "image",
          "assetId": "iUPJFkjZ57yn",
          "checksum": "e672f5905a313879a559d7818b59bb41"
        },
        {
          "type": "image",
          "assetId": "zlNscbzWyBV4",
          "checksum": "c66f3e28d4727b253532f364916f402d"
        },
        {
          "type": "image",
          "assetId": "n3T1aJklBatE",
          "checksum": "ef45af37dc6975691346a3f7f807ee76"
        },
        {
          "type": "image",
          "assetId": "oh-N24H6jyl0",
          "checksum": "4d14f516aa01b5df20a3a2f03df836e1"
        },
        {
          "type": "image",
          "assetId": "8ZE0ByYCStb0",
          "checksum": "01633783549a9636a95b63dfdbf47d70"
        },
        {
          "type": "image",
          "assetId": "RT8T6nkpz3Qc",
          "checksum": "2cbe700a584e1f87bbe071b70399ffc0"
        },
        {
          "type": "image",
          "assetId": "GMXmAsqOHcRp",
          "checksum": "b802ae512a89352d8a3b863cad3d167e"
        },
        {
          "type": "image",
          "assetId": "TC19ht3B2bNW",
          "checksum": "32c1e5ff0cefc9cc34daec212c1dd96b"
        },
        {
          "type": "image",
          "assetId": "Wlg2h3Gk_Qgc",
          "checksum": "6612b1ea788f5954a144824af2bd2851"
        },
        {
          "type": "image",
          "assetId": "ISYeghQcAIbg",
          "checksum": "279d93adce546ef063233d65c08fe960"
        },
        {
          "type": "image",
          "assetId": "1yQyVw9wVTuB",
          "checksum": "86169a11bedb84432eb16c531c0bc7f8"
        },
        {
          "type": "image",
          "assetId": "a8Mp5rmyPCw5",
          "checksum": "b18f0a132a52e5a2dd3a2769f049a182"
        },
        {
          "type": "image",
          "assetId": "Xe2Q0DMSe6gy",
          "checksum": "dd72a3035a7765e6cff06f3153202d46"
        },
        {
          "type": "image",
          "assetId": "udkkVQHcPkN8",
          "checksum": "894c2f9fcbc7535d740c48a857f3df35"
        },
        {
          "type": "image",
          "assetId": "F9NGlvk6RmTc",
          "checksum": "4a22412d570e5356be056d80fa6fdb59"
        },
        {
          "type": "image",
          "assetId": "joRCRAyEv4xb",
          "checksum": "9df6f910081d5164a77fb9d3432d9871"
        },
        {
          "type": "image",
          "assetId": "IS83kmaqJKLy",
          "checksum": "a4e42f52a403759dc243d6f02e40c616"
        },
        {
          "type": "image",
          "assetId": "W1Iy9DtJirK1",
          "checksum": "cabfc7729d1ff7ab5095c79e7138ce45"
        },
        {
          "type": "image",
          "assetId": "swN_M3SahNsl",
          "checksum": "a2ab3da054901bb6c4cf14c55eb34bdd"
        },
        {
          "type": "image",
          "assetId": "DAJ8fsn1XFgg",
          "checksum": "9120a564c820c239c1c671076903bf32"
        },
        {
          "type": "image",
          "assetId": "DIOU7g_rbx0I",
          "checksum": "22de45ce2a203a64a82e83a713613ed9"
        },
        {
          "type": "image",
          "assetId": "kByST8X6aZyg",
          "checksum": "29133da58571788f42e7c117293981d4"
        },
        {
          "type": "image",
          "assetId": "iY1Z0idp_JFx",
          "checksum": "cace20877647e8e80d5fbc1005b7b1a7"
        },
        {
          "type": "image",
          "assetId": "KUE_C19JozIq",
          "checksum": "5be0a361d811f65286d8da78b10141be"
        },
        {
          "type": "image",
          "assetId": "JLPgTfwOB4ps",
          "checksum": "9b93d8f3ec9365452ab0379fa442a03f"
        },
        {
          "type": "image",
          "assetId": "W9NlpFxBfRw3",
          "checksum": "5349396a430fca8da9050c19c42a54d9"
        },
        {
          "type": "image",
          "assetId": "YQ29b_jly8Ep",
          "checksum": "a8051742d7e3e982fa40a6e3e1e7bacb"
        },
        {
          "type": "image",
          "assetId": "LL1F8yY4eIll",
          "checksum": "2e5160e49476362657143e685794d353"
        },
        {
          "type": "image",
          "assetId": "Mk2qN2FQ6JIh",
          "checksum": "8e374228048e05e91582b88763be4a97"
        },
        {
          "type": "image",
          "assetId": "wYGTEhDo-9R9",
          "checksum": "b125f66418934574868af05b681c390b"
        },
        {
          "type": "image",
          "assetId": "zKdbeJbQ5Yjr",
          "checksum": "aa6f5d001f17e2880a2507e480e32bcc"
        },
        {
          "type": "image",
          "assetId": "T32SUEFIksB3",
          "checksum": "77666914838a85aa0a2f89590bf59101"
        },
        {
          "type": "image",
          "assetId": "hDSxZOqPaUYy",
          "checksum": "83936858c76e28c60e94cb8d8d9e72ab"
        },
        {
          "type": "image",
          "assetId": "q4E9bDOxhnBO",
          "checksum": "a66a87891dcfca83db4443727f54ae22"
        },
        {
          "type": "image",
          "assetId": "FuVm4Hiws30f",
          "checksum": "dfbb7054c4b0fa326359661c19bb891e"
        },
        {
          "type": "image",
          "assetId": "rGOByT9eGnUm",
          "checksum": "fea24c957b3cc3671d2a31292f955da4"
        },
        {
          "type": "image",
          "assetId": "JsLJkAS_1TMg",
          "checksum": "527fbe9d1f877266e04ddbb9f670be32"
        },
        {
          "type": "image",
          "assetId": "Gb_vmSaCo9-O",
          "checksum": "0ff37a4ed01f561c18ac8859b280d90c"
        },
        {
          "type": "image",
          "assetId": "dvAe8NAfD_gd",
          "checksum": "d5ca17b7dffb858432aa20e17fc3a978"
        },
        {
          "type": "image",
          "assetId": "RJV_GjmXpNgC",
          "checksum": "06622795d5ae248d3041968c0d3f06e2"
        },
        {
          "type": "image",
          "assetId": "zhhnPZTSoVoW",
          "checksum": "ffdd21a81f8804782f799121aca6dfac"
        },
        {
          "type": "image",
          "assetId": "W823nuCsjKyj",
          "checksum": "2c214d15f79abf3850786ef887532a8b"
        },
        {
          "type": "image",
          "assetId": "ZN2wzDn-Ilqo",
          "checksum": "d1b1a528267cc33acb5bfb4512ce71fe"
        },
        {
          "type": "image",
          "assetId": "AAyncJIA6sw5",
          "checksum": "9dd53853c742c2e5760e441fd1961203"
        },
        {
          "type": "image",
          "assetId": "w49CoVsCtl1J",
          "checksum": "aca897f35332f5ae51994753c6955ff0"
        },
        {
          "type": "image",
          "assetId": "HjPreqQ-Rvos",
          "checksum": "83eff655e7d5def70a7ef89bab7099d0"
        }
      ],
      "codegenVersion": "0.0.1"
    }
  ],
  "cliVersion": "0.1.331"
}
